// !$*UTF8*$!
{
	archiveVersion = 1;
	classes = {
	};
	objectVersion = 50;
	objects = {

/* Begin PBXBuildFile section */
		94338FF622AD1DF000A5B621 /* SelectRoomTypeTableViewController.swift in Sources */ = {isa = PBXBuildFile; fileRef = 94338FF522AD1DF000A5B621 /* SelectRoomTypeTableViewController.swift */; };
		9447DF0222AE38CD00E7BAD4 /* RegistrationTableViewController.swift in Sources */ = {isa = PBXBuildFile; fileRef = 9447DF0122AE38CD00E7BAD4 /* RegistrationTableViewController.swift */; };
		A4C581F822AB95800083FC3C /* AppDelegate.swift in Sources */ = {isa = PBXBuildFile; fileRef = A4C581F722AB95800083FC3C /* AppDelegate.swift */; };
		A4C581FD22AB95800083FC3C /* Main.storyboard in Resources */ = {isa = PBXBuildFile; fileRef = A4C581FB22AB95800083FC3C /* Main.storyboard */; };
		A4C581FF22AB95810083FC3C /* Assets.xcassets in Resources */ = {isa = PBXBuildFile; fileRef = A4C581FE22AB95810083FC3C /* Assets.xcassets */; };
		A4C5820222AB95810083FC3C /* LaunchScreen.storyboard in Resources */ = {isa = PBXBuildFile; fileRef = A4C5820022AB95810083FC3C /* LaunchScreen.storyboard */; };
		A4C5820A22AB96E30083FC3C /* RoomType.swift in Sources */ = {isa = PBXBuildFile; fileRef = A4C5820922AB96E30083FC3C /* RoomType.swift */; };
		A4C5820C22AB97940083FC3C /* Registration.swift in Sources */ = {isa = PBXBuildFile; fileRef = A4C5820B22AB97940083FC3C /* Registration.swift */; };
		A4C5820E22ABA2EE0083FC3C /* AddRegistrationTableViewController.swift in Sources */ = {isa = PBXBuildFile; fileRef = A4C5820D22ABA2EE0083FC3C /* AddRegistrationTableViewController.swift */; };
/* End PBXBuildFile section */

/* Begin PBXFileReference section */
		94338FF522AD1DF000A5B621 /* SelectRoomTypeTableViewController.swift */ = {isa = PBXFileReference; lastKnownFileType = sourcecode.swift; path = SelectRoomTypeTableViewController.swift; sourceTree = "<group>"; };
		9447DF0122AE38CD00E7BAD4 /* RegistrationTableViewController.swift */ = {isa = PBXFileReference; lastKnownFileType = sourcecode.swift; path = RegistrationTableViewController.swift; sourceTree = "<group>"; };
		A4C581F422AB95800083FC3C /* HotelManzana.app */ = {isa = PBXFileReference; explicitFileType = wrapper.application; includeInIndex = 0; path = HotelManzana.app; sourceTree = BUILT_PRODUCTS_DIR; };
		A4C581F722AB95800083FC3C /* AppDelegate.swift */ = {isa = PBXFileReference; lastKnownFileType = sourcecode.swift; path = AppDelegate.swift; sourceTree = "<group>"; };
		A4C581FC22AB95800083FC3C /* Base */ = {isa = PBXFileReference; lastKnownFileType = file.storyboard; name = Base; path = Base.lproj/Main.storyboard; sourceTree = "<group>"; };
		A4C581FE22AB95810083FC3C /* Assets.xcassets */ = {isa = PBXFileReference; lastKnownFileType = folder.assetcatalog; path = Assets.xcassets; sourceTree = "<group>"; };
		A4C5820122AB95810083FC3C /* Base */ = {isa = PBXFileReference; lastKnownFileType = file.storyboard; name = Base; path = Base.lproj/LaunchScreen.storyboard; sourceTree = "<group>"; };
		A4C5820322AB95810083FC3C /* Info.plist */ = {isa = PBXFileReference; lastKnownFileType = text.plist.xml; path = Info.plist; sourceTree = "<group>"; };
		A4C5820922AB96E30083FC3C /* RoomType.swift */ = {isa = PBXFileReference; lastKnownFileType = sourcecode.swift; path = RoomType.swift; sourceTree = "<group>"; };
		A4C5820B22AB97940083FC3C /* Registration.swift */ = {isa = PBXFileReference; lastKnownFileType = sourcecode.swift; path = Registration.swift; sourceTree = "<group>"; };
		A4C5820D22ABA2EE0083FC3C /* AddRegistrationTableViewController.swift */ = {isa = PBXFileReference; lastKnownFileType = sourcecode.swift; path = AddRegistrationTableViewController.swift; sourceTree = "<group>"; };
/* End PBXFileReference section */

/* Begin PBXFrameworksBuildPhase section */
		A4C581F122AB95800083FC3C /* Frameworks */ = {
			isa = PBXFrameworksBuildPhase;
			buildActionMask = 2147483647;
			files = (
			);
			runOnlyForDeploymentPostprocessing = 0;
		};
/* End PBXFrameworksBuildPhase section */

/* Begin PBXGroup section */
		A4C581EB22AB95800083FC3C = {
			isa = PBXGroup;
			children = (
				A4C581F622AB95800083FC3C /* HotelManzana */,
				A4C581F522AB95800083FC3C /* Products */,
			);
			sourceTree = "<group>";
		};
		A4C581F522AB95800083FC3C /* Products */ = {
			isa = PBXGroup;
			children = (
				A4C581F422AB95800083FC3C /* HotelManzana.app */,
			);
			name = Products;
			sourceTree = "<group>";
		};
		A4C581F622AB95800083FC3C /* HotelManzana */ = {
			isa = PBXGroup;
			children = (
				A4C581F722AB95800083FC3C /* AppDelegate.swift */,
				A4C581FB22AB95800083FC3C /* Main.storyboard */,
				A4C581FE22AB95810083FC3C /* Assets.xcassets */,
				A4C5820022AB95810083FC3C /* LaunchScreen.storyboard */,
				A4C5820322AB95810083FC3C /* Info.plist */,
				A4C5820922AB96E30083FC3C /* RoomType.swift */,
				A4C5820B22AB97940083FC3C /* Registration.swift */,
				A4C5820D22ABA2EE0083FC3C /* AddRegistrationTableViewController.swift */,
				94338FF522AD1DF000A5B621 /* SelectRoomTypeTableViewController.swift */,
				9447DF0122AE38CD00E7BAD4 /* RegistrationTableViewController.swift */,
			);
			path = HotelManzana;
			sourceTree = "<group>";
		};
/* End PBXGroup section */

/* Begin PBXNativeTarget section */
		A4C581F322AB95800083FC3C /* HotelManzana */ = {
			isa = PBXNativeTarget;
			buildConfigurationList = A4C5820622AB95810083FC3C /* Build configuration list for PBXNativeTarget "HotelManzana" */;
			buildPhases = (
				A4C581F022AB95800083FC3C /* Sources */,
				A4C581F122AB95800083FC3C /* Frameworks */,
				A4C581F222AB95800083FC3C /* Resources */,
			);
			buildRules = (
			);
			dependencies = (
			);
			name = HotelManzana;
			productName = HotelManzana;
			productReference = A4C581F422AB95800083FC3C /* HotelManzana.app */;
			productType = "com.apple.product-type.application";
		};
/* End PBXNativeTarget section */

/* Begin PBXProject section */
		A4C581EC22AB95800083FC3C /* Project object */ = {
			isa = PBXProject;
			attributes = {
				LastSwiftUpdateCheck = 1020;
				LastUpgradeCheck = 1020;
				ORGANIZATIONNAME = Equity;
				TargetAttributes = {
					A4C581F322AB95800083FC3C = {
						CreatedOnToolsVersion = 10.2.1;
					};
				};
			};
			buildConfigurationList = A4C581EF22AB95800083FC3C /* Build configuration list for PBXProject "HotelManzana" */;
			compatibilityVersion = "Xcode 9.3";
			developmentRegion = en;
			hasScannedForEncodings = 0;
			knownRegions = (
				en,
				Base,
			);
			mainGroup = A4C581EB22AB95800083FC3C;
			productRefGroup = A4C581F522AB95800083FC3C /* Products */;
			projectDirPath = "";
			projectRoot = "";
			targets = (
				A4C581F322AB95800083FC3C /* HotelManzana */,
			);
		};
/* End PBXProject section */

/* Begin PBXResourcesBuildPhase section */
		A4C581F222AB95800083FC3C /* Resources */ = {
			isa = PBXResourcesBuildPhase;
			buildActionMask = 2147483647;
			files = (
				A4C5820222AB95810083FC3C /* LaunchScreen.storyboard in Resources */,
				A4C581FF22AB95810083FC3C /* Assets.xcassets in Resources */,
				A4C581FD22AB95800083FC3C /* Main.storyboard in Resources */,
			);
			runOnlyForDeploymentPostprocessing = 0;
		};
/* End PBXResourcesBuildPhase section */

/* Begin PBXSourcesBuildPhase section */
		A4C581F022AB95800083FC3C /* Sources */ = {
			isa = PBXSourcesBuildPhase;
			buildActionMask = 2147483647;
			files = (
				A4C5820A22AB96E30083FC3C /* RoomType.swift in Sources */,
				A4C5820C22AB97940083FC3C /* Registration.swift in Sources */,
				A4C5820E22ABA2EE0083FC3C /* AddRegistrationTableViewController.swift in Sources */,
				A4C581F822AB95800083FC3C /* AppDelegate.swift in Sources */,
				9447DF0222AE38CD00E7BAD4 /* RegistrationTableViewController.swift in Sources */,
				94338FF622AD1DF000A5B621 /* SelectRoomTypeTableViewController.swift in Sources */,
			);
			runOnlyForDeploymentPostprocessing = 0;
		};
/* End PBXSourcesBuildPhase section */

/* Begin PBXVariantGroup section */
		A4C581FB22AB95800083FC3C /* Main.storyboard */ = {
			isa = PBXVariantGroup;
			children = (
				A4C581FC22AB95800083FC3C /* Base */,
			);
			name = Main.storyboard;
			sourceTree = "<group>";
		};
		A4C5820022AB95810083FC3C /* LaunchScreen.storyboard */ = {
			isa = PBXVariantGroup;
			children = (
				A4C5820122AB95810083FC3C /* Base */,
			);
			name = LaunchScreen.storyboard;
			sourceTree = "<group>";
		};
/* End PBXVariantGroup section */

/* Begin XCBuildConfiguration section */
		A4C5820422AB95810083FC3C /* Debug */ = {
			isa = XCBuildConfiguration;
			buildSettings = {
				ALWAYS_SEARCH_USER_PATHS = NO;
				CLANG_ANALYZER_NONNULL = YES;
				CLANG_ANALYZER_NUMBER_OBJECT_CONVERSION = YES_AGGRESSIVE;
				CLANG_CXX_LANGUAGE_STANDARD = "gnu++14";
				CLANG_CXX_LIBRARY = "libc++";
				CLANG_ENABLE_MODULES = YES;
				CLANG_ENABLE_OBJC_ARC = YES;
				CLANG_ENABLE_OBJC_WEAK = YES;
				CLANG_WARN_BLOCK_CAPTURE_AUTORELEASING = YES;
				CLANG_WARN_BOOL_CONVERSION = YES;
				CLANG_WARN_COMMA = YES;
				CLANG_WARN_CONSTANT_CONVERSION = YES;
				CLANG_WARN_DEPRECATED_OBJC_IMPLEMENTATIONS = YES;
				CLANG_WARN_DIRECT_OBJC_ISA_USAGE = YES_ERROR;
				CLANG_WARN_DOCUMENTATION_COMMENTS = YES;
				CLANG_WARN_EMPTY_BODY = YES;
				CLANG_WARN_ENUM_CONVERSION = YES;
				CLANG_WARN_INFINITE_RECURSION = YES;
				CLANG_WARN_INT_CONVERSION = YES;
				CLANG_WARN_NON_LITERAL_NULL_CONVERSION = YES;
				CLANG_WARN_OBJC_IMPLICIT_RETAIN_SELF = YES;
				CLANG_WARN_OBJC_LITERAL_CONVERSION = YES;
				CLANG_WARN_OBJC_ROOT_CLASS = YES_ERROR;
				CLANG_WARN_RANGE_LOOP_ANALYSIS = YES;
				CLANG_WARN_STRICT_PROTOTYPES = YES;
				CLANG_WARN_SUSPICIOUS_MOVE = YES;
				CLANG_WARN_UNGUARDED_AVAILABILITY = YES_AGGRESSIVE;
				CLANG_WARN_UNREACHABLE_CODE = YES;
				CLANG_WARN__DUPLICATE_METHOD_MATCH = YES;
				CODE_SIGN_IDENTITY = "iPhone Developer";
				COPY_PHASE_STRIP = NO;
				DEBUG_INFORMATION_FORMAT = dwarf;
				ENABLE_STRICT_OBJC_MSGSEND = YES;
				ENABLE_TESTABILITY = YES;
				GCC_C_LANGUAGE_STANDARD = gnu11;
				GCC_DYNAMIC_NO_PIC = NO;
				GCC_NO_COMMON_BLOCKS = YES;
				GCC_OPTIMIZATION_LEVEL = 0;
				GCC_PREPROCESSOR_DEFINITIONS = (
					"DEBUG=1",
					"$(inherited)",
				);
				GCC_WARN_64_TO_32_BIT_CONVERSION = YES;
				GCC_WARN_ABOUT_RETURN_TYPE = YES_ERROR;
				GCC_WARN_UNDECLARED_SELECTOR = YES;
				GCC_WARN_UNINITIALIZED_AUTOS = YES_AGGRESSIVE;
				GCC_WARN_UNUSED_FUNCTION = YES;
				GCC_WARN_UNUSED_VARIABLE = YES;
				IPHONEOS_DEPLOYMENT_TARGET = 12.2;
				MTL_ENABLE_DEBUG_INFO = INCLUDE_SOURCE;
				MTL_FAST_MATH = YES;
				ONLY_ACTIVE_ARCH = YES;
				SDKROOT = iphoneos;
				SWIFT_ACTIVE_COMPILATION_CONDITIONS = DEBUG;
				SWIFT_OPTIMIZATION_LEVEL = "-Onone";
			};
			name = Debug;
		};
		A4C5820522AB95810083FC3C /* Release */ = {
			isa = XCBuildConfiguration;
			buildSettings = {
				ALWAYS_SEARCH_USER_PATHS = NO;
				CLANG_ANALYZER_NONNULL = YES;
				CLANG_ANALYZER_NUMBER_OBJECT_CONVERSION = YES_AGGRESSIVE;
				CLANG_CXX_LANGUAGE_STANDARD = "gnu++14";
				CLANG_CXX_LIBRARY = "libc++";
				CLANG_ENABLE_MODULES = YES;
				CLANG_ENABLE_OBJC_ARC = YES;
				CLANG_ENABLE_OBJC_WEAK = YES;
				CLANG_WARN_BLOCK_CAPTURE_AUTORELEASING = YES;
				CLANG_WARN_BOOL_CONVERSION = YES;
				CLANG_WARN_COMMA = YES;
				CLANG_WARN_CONSTANT_CONVERSION = YES;
				CLANG_WARN_DEPRECATED_OBJC_IMPLEMENTATIONS = YES;
				CLANG_WARN_DIRECT_OBJC_ISA_USAGE = YES_ERROR;
				CLANG_WARN_DOCUMENTATION_COMMENTS = YES;
				CLANG_WARN_EMPTY_BODY = YES;
				CLANG_WARN_ENUM_CONVERSION = YES;
				CLANG_WARN_INFINITE_RECURSION = YES;
				CLANG_WARN_INT_CONVERSION = YES;
				CLANG_WARN_NON_LITERAL_NULL_CONVERSION = YES;
				CLANG_WARN_OBJC_IMPLICIT_RETAIN_SELF = YES;
				CLANG_WARN_OBJC_LITERAL_CONVERSION = YES;
				CLANG_WARN_OBJC_ROOT_CLASS = YES_ERROR;
				CLANG_WARN_RANGE_LOOP_ANALYSIS = YES;
				CLANG_WARN_STRICT_PROTOTYPES = YES;
				CLANG_WARN_SUSPICIOUS_MOVE = YES;
				CLANG_WARN_UNGUARDED_AVAILABILITY = YES_AGGRESSIVE;
				CLANG_WARN_UNREACHABLE_CODE = YES;
				CLANG_WARN__DUPLICATE_METHOD_MATCH = YES;
				CODE_SIGN_IDENTITY = "iPhone Developer";
				COPY_PHASE_STRIP = NO;
				DEBUG_INFORMATION_FORMAT = "dwarf-with-dsym";
				ENABLE_NS_ASSERTIONS = NO;
				ENABLE_STRICT_OBJC_MSGSEND = YES;
				GCC_C_LANGUAGE_STANDARD = gnu11;
				GCC_NO_COMMON_BLOCKS = YES;
				GCC_WARN_64_TO_32_BIT_CONVERSION = YES;
				GCC_WARN_ABOUT_RETURN_TYPE = YES_ERROR;
				GCC_WARN_UNDECLARED_SELECTOR = YES;
				GCC_WARN_UNINITIALIZED_AUTOS = YES_AGGRESSIVE;
				GCC_WARN_UNUSED_FUNCTION = YES;
				GCC_WARN_UNUSED_VARIABLE = YES;
				IPHONEOS_DEPLOYMENT_TARGET = 12.2;
				MTL_ENABLE_DEBUG_INFO = NO;
				MTL_FAST_MATH = YES;
				SDKROOT = iphoneos;
				SWIFT_COMPILATION_MODE = wholemodule;
				SWIFT_OPTIMIZATION_LEVEL = "-O";
				VALIDATE_PRODUCT = YES;
			};
			name = Release;
		};
		A4C5820722AB95810083FC3C /* Debug */ = {
			isa = XCBuildConfiguration;
			buildSettings = {
				ASSETCATALOG_COMPILER_APPICON_NAME = AppIcon;
				CODE_SIGN_STYLE = Automatic;
				DEVELOPMENT_TEAM = 25YD4528FX;
				INFOPLIST_FILE = HotelManzana/Info.plist;
				LD_RUNPATH_SEARCH_PATHS = (
					"$(inherited)",
					"@executable_path/Frameworks",
				);
				PRODUCT_BUNDLE_IDENTIFIER = com.equity.life.HotelManzana;
				PRODUCT_NAME = "$(TARGET_NAME)";
				SWIFT_VERSION = 5.0;
				TARGETED_DEVICE_FAMILY = "1,2";
			};
			name = Debug;
		};
		A4C5820822AB95810083FC3C /* Release */ = {
			isa = XCBuildConfiguration;
			buildSettings = {
				ASSETCATALOG_COMPILER_APPICON_NAME = AppIcon;
				CODE_SIGN_STYLE = Automatic;
				DEVELOPMENT_TEAM = 25YD4528FX;
				INFOPLIST_FILE = HotelManzana/Info.plist;
				LD_RUNPATH_SEARCH_PATHS = (
					"$(inherited)",
					"@executable_path/Frameworks",
				);
				PRODUCT_BUNDLE_IDENTIFIER = com.equity.life.HotelManzana;
				PRODUCT_NAME = "$(TARGET_NAME)";
				SWIFT_VERSION = 5.0;
				TARGETED_DEVICE_FAMILY = "1,2";
			};
			name = Release;
		};
/* End XCBuildConfiguration section */

/* Begin XCConfigurationList section */
		A4C581EF22AB95800083FC3C /* Build configuration list for PBXProject "HotelManzana" */ = {
			isa = XCConfigurationList;
			buildConfigurations = (
				A4C5820422AB95810083FC3C /* Debug */,
				A4C5820522AB95810083FC3C /* Release */,
			);
			defaultConfigurationIsVisible = 0;
			defaultConfigurationName = Release;
		};
		A4C5820622AB95810083FC3C /* Build configuration list for PBXNativeTarget "HotelManzana" */ = {
			isa = XCConfigurationList;
			buildConfigurations = (
				A4C5820722AB95810083FC3C /* Debug */,
				A4C5820822AB95810083FC3C /* Release */,
			);
			defaultConfigurationIsVisible = 0;
			defaultConfigurationName = Release;
		};
/* End XCConfigurationList section */
	};
	rootObject = A4C581EC22AB95800083FC3C /* Project object */;
}
